{
  "name": "webserver",
  "version": "1.0.0",
  "lockfileVersion": 1,
  "dependencies": {
    "accept": {
      "version": "2.1.4",
      "resolved": "http://registry.npm.taobao.org/accept/download/accept-2.1.4.tgz",
      "integrity": "sha1-iHr1TO7lx/RDBGGXHsQAxh0JrLs="
    },
    "ammo": {
      "version": "2.0.4",
      "resolved": "http://registry.npm.taobao.org/ammo/download/ammo-2.0.4.tgz",
      "integrity": "sha1-v4CqshFpjqePY+9efxE91dnokX8="
    },
    "any-promise": {
      "version": "1.3.0",
      "resolved": "http://registry.npm.taobao.org/any-promise/download/any-promise-1.3.0.tgz",
      "integrity": "sha1-q8av7tzqUugJzcA3au0845Y10X8="
    },
    "async": {
      "version": "0.2.10",
      "resolved": "http://registry.npm.taobao.org/async/download/async-0.2.10.tgz",
      "integrity": "sha1-trvgsGdLnXGXCMo43owjfLUmw9E="
    },
    "b64": {
      "version": "3.0.3",
      "resolved": "http://registry.npm.taobao.org/b64/download/b64-3.0.3.tgz",
      "integrity": "sha1-Nq/u4Nk0XwRjh85t6KZwKv5btW4="
    },
    "base64url": {
      "version": "2.0.0",
      "resolved": "http://registry.npm.taobao.org/base64url/download/base64url-2.0.0.tgz",
      "integrity": "sha1-6sFuA+oUOO/5Qj1puqNiYu0fcLs="
    },
    "boom": {
      "version": "5.2.0",
      "resolved": "http://registry.npm.taobao.org/boom/download/boom-5.2.0.tgz",
      "integrity": "sha1-XdnabuOl8wIHdDYpDLcX0/SlTgI="
    },
    "buffer-equal-constant-time": {
      "version": "1.0.1",
      "resolved": "http://registry.npm.taobao.org/buffer-equal-constant-time/download/buffer-equal-constant-time-1.0.1.tgz",
      "integrity": "sha1-+OcRMvf/5uAaXJaXpMbz5I1cyBk="
    },
    "byte": {
      "version": "1.2.0",
      "resolved": "http://registry.npm.taobao.org/byte/download/byte-1.2.0.tgz",
      "integrity": "sha1-+XO4oHnS0a4jgX60t43xIER4WnM="
    },
    "call": {
      "version": "4.0.2",
      "resolved": "http://registry.npm.taobao.org/call/download/call-4.0.2.tgz",
      "integrity": "sha1-33b19R7o3Ui4VqyEAPfmnm1zmcQ="
    },
    "catbox": {
      "version": "7.1.5",
      "resolved": "http://registry.npm.taobao.org/catbox/download/catbox-7.1.5.tgz",
      "integrity": "sha1-xW9+jpVV0nwNwDipbvc+V9GGux8=",
      "dependencies": {
        "joi": {
          "version": "10.6.0",
          "resolved": "http://registry.npm.taobao.org/joi/download/joi-10.6.0.tgz",
          "integrity": "sha1-Ulh/AtUri3XNsMdPCxZKGRoOH8I="
        }
      }
    },
    "catbox-memory": {
      "version": "2.0.4",
      "resolved": "http://registry.npm.taobao.org/catbox-memory/download/catbox-memory-2.0.4.tgz",
      "integrity": "sha1-Qz4lWQLK9UIz0ShkKcj03xToItU="
    },
    "content": {
      "version": "3.0.6",
      "resolved": "http://registry.npm.taobao.org/content/download/content-3.0.6.tgz",
      "integrity": "sha1-nC4wHprlFe1lpLh314qlZZuxuAk="
    },
    "copy-to": {
      "version": "2.0.1",
      "resolved": "http://registry.npm.taobao.org/copy-to/download/copy-to-2.0.1.tgz",
      "integrity": "sha1-JoD7uAaKSNCGVrYJgJK9r8kG9KU="
    },
    "core-util-is": {
      "version": "1.0.2",
      "resolved": "http://registry.npm.taobao.org/core-util-is/download/core-util-is-1.0.2.tgz",
      "integrity": "sha1-tf1UIgqivFq1eqtxQMlAdUUDwac="
    },
    "cryptiles": {
      "version": "3.1.2",
      "resolved": "http://registry.npm.taobao.org/cryptiles/download/cryptiles-3.1.2.tgz",
      "integrity": "sha1-qJ+7Ig9c4l7FboxKqKT9e1sNKf4="
    },
    "debug": {
      "version": "2.6.9",
      "resolved": "http://registry.npm.taobao.org/debug/download/debug-2.6.9.tgz",
      "integrity": "sha1-XRKFFd8TT/Mn6QpMk/Tgd6U2NB8="
    },
    "ecdsa-sig-formatter": {
      "version": "1.0.9",
      "resolved": "http://registry.npm.taobao.org/ecdsa-sig-formatter/download/ecdsa-sig-formatter-1.0.9.tgz",
      "integrity": "sha1-S8kmJ07Dtau1AW5+HWCSGsJisqE="
    },
    "escape-html": {
      "version": "1.0.3",
      "resolved": "http://registry.npm.taobao.org/escape-html/download/escape-html-1.0.3.tgz",
      "integrity": "sha1-Aljq5NPQwJdN4cFpGI7wBR0dGYg="
    },
    "hapi": {
      "version": "16.6.2",
      "resolved": "http://registry.npm.taobao.org/hapi/download/hapi-16.6.2.tgz",
      "integrity": "sha1-aQVU/Jxcp60vgDC7/iHV5Yhs3BQ="
    },
    "heavy": {
      "version": "4.0.4",
      "resolved": "http://registry.npm.taobao.org/heavy/download/heavy-4.0.4.tgz",
      "integrity": "sha1-NskTNsAMz+hSyqTRUwhjNc0vAOk=",
      "dependencies": {
        "joi": {
          "version": "10.6.0",
          "resolved": "http://registry.npm.taobao.org/joi/download/joi-10.6.0.tgz",
          "integrity": "sha1-Ulh/AtUri3XNsMdPCxZKGRoOH8I="
        }
      }
    },
    "hessian.js": {
      "version": "2.4.0",
      "resolved": "http://registry.npm.taobao.org/hessian.js/download/hessian.js-2.4.0.tgz",
      "integrity": "sha1-sdE2YHyIHTfoZsO91R77MBYLL8Q="
    },
    "hoek": {
      "version": "4.2.0",
      "resolved": "http://registry.npm.taobao.org/hoek/download/hoek-4.2.0.tgz",
      "integrity": "sha1-ctnQdU9/4lyi0BrY+PmpRJqJUm0="
    },
    "inert": {
      "version": "4.2.1",
      "resolved": "http://registry.npm.taobao.org/inert/download/inert-4.2.1.tgz",
      "integrity": "sha1-2nQ8R4oYqDeAMvgK2hKKKM0rupM=",
      "dependencies": {
        "joi": {
          "version": "10.6.0",
          "resolved": "http://registry.npm.taobao.org/joi/download/joi-10.6.0.tgz",
          "integrity": "sha1-Ulh/AtUri3XNsMdPCxZKGRoOH8I="
        }
      }
    },
    "iron": {
      "version": "4.0.5",
      "resolved": "http://registry.npm.taobao.org/iron/download/iron-4.0.5.tgz",
      "integrity": "sha1-TwQszri5c480a1mqc0yDqJvDFCg="
    },
    "is-class": {
      "version": "0.0.4",
      "resolved": "http://registry.npm.taobao.org/is-class/download/is-class-0.0.4.tgz",
      "integrity": "sha1-4FdFFwW7NOOePjNZjJOpg3KWtzY="
    },
    "is-type-of": {
      "version": "1.2.0",
      "resolved": "http://registry.npm.taobao.org/is-type-of/download/is-type-of-1.2.0.tgz",
      "integrity": "sha1-tVPLtGIa31tBceiIPzcOem7DiZU="
    },
    "isemail": {
      "version": "2.2.1",
      "resolved": "http://registry.npm.taobao.org/isemail/download/isemail-2.2.1.tgz",
      "integrity": "sha1-A1PT2aYpUQgMJiwqoKQrjqjp4qY="
    },
    "isstream": {
      "version": "0.1.2",
      "resolved": "http://registry.npm.taobao.org/isstream/download/isstream-0.1.2.tgz",
      "integrity": "sha1-R+Y/evVa+m+S4VAOaQ64uFKcCZo="
    },
    "items": {
      "version": "2.1.1",
      "resolved": "http://registry.npm.taobao.org/items/download/items-2.1.1.tgz",
      "integrity": "sha1-i9FtnIOxlSneWuoyGsqtp4NkoZg="
    },
    "joi": {
      "version": "11.4.0",
      "resolved": "http://registry.npm.taobao.org/joi/download/joi-11.4.0.tgz",
      "integrity": "sha1-9nSJdTe2JemsPQt+FgTIKK2RPMs=",
      "dependencies": {
        "isemail": {
          "version": "3.0.0",
          "resolved": "http://registry.npm.taobao.org/isemail/download/isemail-3.0.0.tgz",
          "integrity": "sha1-yJpGu3ozYeF1n4Ao+QgkiOzOPf8="
        }
      }
    },
    "jsonwebtoken": {
      "version": "7.4.3",
      "resolved": "http://registry.npm.taobao.org/jsonwebtoken/download/jsonwebtoken-7.4.3.tgz",
      "integrity": "sha1-d/UCHeBYtgWheD+hKD6ZgS5kVjg=",
      "dependencies": {
        "hoek": {
          "version": "2.16.3",
          "resolved": "http://registry.npm.taobao.org/hoek/download/hoek-2.16.3.tgz",
          "integrity": "sha1-ILt0A9POo5jpHcRxCo/xuCdKJe0="
        },
        "isemail": {
          "version": "1.2.0",
          "resolved": "http://registry.npm.taobao.org/isemail/download/isemail-1.2.0.tgz",
          "integrity": "sha1-vgPfjMPineTSxd9lASY/H6RZXpo="
        },
        "joi": {
          "version": "6.10.1",
          "resolved": "http://registry.npm.taobao.org/joi/download/joi-6.10.1.tgz",
          "integrity": "sha1-TVDDGAeRIgAP5fFq8f+OGRe3fgY="
        },
        "topo": {
          "version": "1.1.0",
          "resolved": "http://registry.npm.taobao.org/topo/download/topo-1.1.0.tgz",
          "integrity": "sha1-6ddRYV0buH3IZdsYL6HKCl71NtU="
        }
      }
    },
    "jwa": {
      "version": "1.1.5",
      "resolved": "http://registry.npm.taobao.org/jwa/download/jwa-1.1.5.tgz",
      "integrity": "sha1-oFUs4CIHQs1S4VN3SjKQXDDnVuU="
    },
    "jws": {
      "version": "3.1.4",
      "resolved": "http://registry.npm.taobao.org/jws/download/jws-3.1.4.tgz",
      "integrity": "sha1-+ei5M46KhHJ31kRLFGT2GIDgUKI="
    },
    "lodash.once": {
      "version": "4.1.1",
      "resolved": "http://registry.npm.taobao.org/lodash.once/download/lodash.once-4.1.1.tgz",
      "integrity": "sha1-DdOXEhPHxW34gJd9UEyI+0cal6w="
    },
    "long": {
      "version": "3.2.0",
      "resolved": "http://registry.npm.taobao.org/long/download/long-3.2.0.tgz",
      "integrity": "sha1-2CG3E4yhy1gcFymQ7xTbIAtcR0s="
    },
    "lru-cache": {
      "version": "4.1.1",
      "resolved": "http://registry.npm.taobao.org/lru-cache/download/lru-cache-4.1.1.tgz",
      "integrity": "sha1-Yi4y6CSItJJ5EUpPns9F581rulU="
    },
    "mime-db": {
      "version": "1.31.0",
      "resolved": "http://registry.npm.taobao.org/mime-db/download/mime-db-1.31.0.tgz",
      "integrity": "sha1-pJzY8+vz7RpIK2BWHZEFrUDKdMs="
    },
    "mimos": {
      "version": "3.0.3",
      "resolved": "http://registry.npm.taobao.org/mimos/download/mimos-3.0.3.tgz",
      "integrity": "sha1-uRCQcq03jCty9qAQHEPd+ys2ZB8="
    },
    "minimist": {
      "version": "0.0.8",
      "resolved": "http://registry.npm.taobao.org/minimist/download/minimist-0.0.8.tgz",
      "integrity": "sha1-hX/Kv8M5fSYluCKCYuhqp6ARsF0="
    },
    "mk-server": {
      "version": "1.3.11",
      "resolved": "http://registry.npm.taobao.org/mk-server/download/mk-server-1.3.11.tgz",
      "integrity": "sha1-7xu/W/m/5iasMglMBYmha9lLaqc="
    },
    "mk-service-auth": {
      "version": "1.0.11",
      "resolved": "http://registry.npm.taobao.org/mk-service-auth/download/mk-service-auth-1.0.11.tgz",
      "integrity": "sha1-dNEWuN0pgMJJ/mLOl7wWxujMGqw="
    },
    "mk-service-dubbox": {
      "version": "1.1.9",
      "resolved": "http://registry.npm.taobao.org/mk-service-dubbox/download/mk-service-dubbox-1.1.9.tgz",
      "integrity": "sha1-A87dzFaKN2861KkJOmu+a+3QAUQ="
    },
    "mk-service-utils": {
      "version": "1.0.8",
      "resolved": "http://registry.npm.taobao.org/mk-service-utils/download/mk-service-utils-1.0.8.tgz",
      "integrity": "sha1-OF4UTSla/mxaeY1FtWUTAYQ54M4="
    },
    "mkdirp": {
      "version": "0.5.1",
      "resolved": "http://registry.npm.taobao.org/mkdirp/download/mkdirp-0.5.1.tgz",
      "integrity": "sha1-MAV0OOrGz3+MR2fzhkjWaX11yQM="
    },
    "moment": {
      "version": "2.19.1",
      "resolved": "http://registry.npm.taobao.org/moment/download/moment-2.19.1.tgz",
      "integrity": "sha1-VtoaLRy/AdOLfhr8McELz6GSkWc="
    },
    "ms": {
      "version": "2.0.0",
      "resolved": "http://registry.npm.taobao.org/ms/download/ms-2.0.0.tgz",
      "integrity": "sha1-VgiurfwAvmwpAd9fmGF4jeDVl8g="
    },
    "mz": {
      "version": "2.7.0",
      "resolved": "http://registry.npm.taobao.org/mz/download/mz-2.7.0.tgz",
      "integrity": "sha1-lQCAV6Vsr63CvGPd5/n/aVWUjjI="
    },
    "nigel": {
      "version": "2.0.2",
      "resolved": "http://registry.npm.taobao.org/nigel/download/nigel-2.0.2.tgz",
      "integrity": "sha1-k6GGb7DFLYc5CqdeKxYfS1x15bE="
    },
    "node-zookeeper-client": {
      "version": "0.2.2",
      "resolved": "http://registry.npm.taobao.org/node-zookeeper-client/download/node-zookeeper-client-0.2.2.tgz",
      "integrity": "sha1-CXvaAZme749gLOBotjJgAGnb9oU="
    },
    "node-zookeeper-dubbo": {
      "version": "2.2.1",
      "resolved": "http://registry.npm.taobao.org/node-zookeeper-dubbo/download/node-zookeeper-dubbo-2.2.1.tgz",
      "integrity": "sha1-Gy0Zx1AsAYcoyk6TPiOpdMXEGkA="
    },
    "object-assign": {
      "version": "4.1.1",
      "resolved": "http://registry.npm.taobao.org/object-assign/download/object-assign-4.1.1.tgz",
      "integrity": "sha1-IQmtx5ZYh8/AXLvUQsrIv7s2CGM="
    },
    "pez": {
      "version": "2.1.5",
      "resolved": "http://registry.npm.taobao.org/pez/download/pez-2.1.5.tgz",
      "integrity": "sha1-XsLMYlAMw+tCNtSkFM9aF7XrUAc="
    },
    "podium": {
      "version": "1.3.0",
      "resolved": "http://registry.npm.taobao.org/podium/download/podium-1.3.0.tgz",
      "integrity": "sha1-PEkPVNFvEPUmDL6YZB8ctzOohRw=",
      "dependencies": {
        "joi": {
          "version": "10.6.0",
          "resolved": "http://registry.npm.taobao.org/joi/download/joi-10.6.0.tgz",
          "integrity": "sha1-Ulh/AtUri3XNsMdPCxZKGRoOH8I="
        }
      }
    },
    "pseudomap": {
      "version": "1.0.2",
      "resolved": "http://registry.npm.taobao.org/pseudomap/download/pseudomap-1.0.2.tgz",
      "integrity": "sha1-8FKijacOYYkX7wqKw0wa5aaChrM="
    },
    "punycode": {
      "version": "2.1.0",
      "resolved": "http://registry.npm.taobao.org/punycode/download/punycode-2.1.0.tgz",
      "integrity": "sha1-X4Y+3Im5bbCQdLrXlHvwkFbKTn0="
    },
    "safe-buffer": {
      "version": "5.1.1",
      "resolved": "http://registry.npm.taobao.org/safe-buffer/download/safe-buffer-5.1.1.tgz",
      "integrity": "sha1-iTMSr2myEj3vcfV4iQAWce6yyFM="
    },
    "shot": {
      "version": "3.4.2",
      "resolved": "http://registry.npm.taobao.org/shot/download/shot-3.4.2.tgz",
      "integrity": "sha1-Hlw/bysmZJrcQvfrNQIUpaApHWc=",
      "dependencies": {
        "joi": {
          "version": "10.6.0",
          "resolved": "http://registry.npm.taobao.org/joi/download/joi-10.6.0.tgz",
          "integrity": "sha1-Ulh/AtUri3XNsMdPCxZKGRoOH8I="
        }
      }
    },
    "statehood": {
      "version": "5.0.3",
      "resolved": "http://registry.npm.taobao.org/statehood/download/statehood-5.0.3.tgz",
      "integrity": "sha1-wHp1Yg21N5tg0u3Uf1OAAqisfdY=",
      "dependencies": {
        "joi": {
          "version": "10.6.0",
          "resolved": "http://registry.npm.taobao.org/joi/download/joi-10.6.0.tgz",
          "integrity": "sha1-Ulh/AtUri3XNsMdPCxZKGRoOH8I="
        }
      }
    },
    "subtext": {
      "version": "5.0.0",
      "resolved": "http://registry.npm.taobao.org/subtext/download/subtext-5.0.0.tgz",
      "integrity": "sha1-nD8IMBi7FYaxZ62M/YcIP1zN/g8="
    },
    "thenify": {
      "version": "3.3.0",
      "resolved": "http://registry.npm.taobao.org/thenify/download/thenify-3.3.0.tgz",
      "integrity": "sha1-5p44obq+lpsBCCB5eLn2K4hgSDk="
    },
    "thenify-all": {
      "version": "1.6.0",
      "resolved": "http://registry.npm.taobao.org/thenify-all/download/thenify-all-1.6.0.tgz",
      "integrity": "sha1-GhkY1ALY/D+Y+/I02wvMjMEOlyY="
    },
    "topo": {
      "version": "2.0.2",
      "resolved": "http://registry.npm.taobao.org/topo/download/topo-2.0.2.tgz",
      "integrity": "sha1-zVYVdSU5BXwNwEkaYhw7xvvh0YI="
    },
    "underscore": {
      "version": "1.4.4",
      "resolved": "http://registry.npm.taobao.org/underscore/download/underscore-1.4.4.tgz",
      "integrity": "sha1-YaajIBBiKvoHljvzJSA88SI51gQ="
    },
    "utility": {
      "version": "1.13.1",
      "resolved": "http://registry.npm.taobao.org/utility/download/utility-1.13.1.tgz",
      "integrity": "sha1-nXLhReSeTFoh8sMHsLr1dSNQI/Q="
    },
    "vise": {
      "version": "2.0.2",
      "resolved": "http://registry.npm.taobao.org/vise/download/vise-2.0.2.tgz",
      "integrity": "sha1-awjo+0y3bjpQzW3Q7DczjoEaDTk="
    },
    "wreck": {
      "version": "12.5.1",
      "resolved": "http://registry.npm.taobao.org/wreck/download/wreck-12.5.1.tgz",
      "integrity": "sha1-zS/84WdEnh8CQu2c+AVS4g+2kCo="
    },
    "xtend": {
      "version": "4.0.1",
      "resolved": "http://registry.npm.taobao.org/xtend/download/xtend-4.0.1.tgz",
      "integrity": "sha1-pcbVMr5lbiPbgg77lDofBJmNY68="
    },
    "yallist": {
      "version": "2.1.2",
      "resolved": "http://registry.npm.taobao.org/yallist/download/yallist-2.1.2.tgz",
      "integrity": "sha1-HBH5IY8HYImkfdUS+TxmmaaoHVI="
    }
  }
}
